
Microsoft Visual Studio Solution File, Format Version 12.00
# Visual Studio Version 17
VisualStudioVersion = 17.1.32210.238
MinimumVisualStudioVersion = 10.0.40219.1
Project("{9A19103F-16F7-4668-BE54-9A1E7A4F7556}") = "TS_Projeto_Chat", "TS_Projeto_Chat\TS_Projeto_Chat.csproj", "{A235E840-232D-41E8-B131-BD7AF86A9BA8}"
EndProject
Project("{FAE04EC0-301F-11D3-BF4B-00C04F79EFBC}") = "Server", "Server\Server.csproj", "{F6355AF0-CC22-4F45-8859-641FAE27118F}"
EndProject
Global
	GlobalSection(SolutionConfigurationPlatforms) = preSolution
		Debug|Any CPU = Debug|Any CPU
		Release|Any CPU = Release|Any CPU
	EndGlobalSection
	GlobalSection(ProjectConfigurationPlatforms) = postSolution
		{A235E840-232D-41E8-B131-BD7AF86A9BA8}.Debug|Any CPU.ActiveCfg = Debug|Any CPU
		{A235E840-232D-41E8-B131-BD7AF86A9BA8}.Debug|Any CPU.Build.0 = Debug|Any CPU
		{A235E840-232D-41E8-B131-BD7AF86A9BA8}.Release|Any CPU.ActiveCfg = Release|Any CPU
		{A235E840-232D-41E8-B131-BD7AF86A9BA8}.Release|Any CPU.Build.0 = Release|Any CPU
		{F6355AF0-CC22-4F45-8859-641FAE27118F}.Debug|Any CPU.ActiveCfg = Debug|Any CPU
		{F6355AF0-CC22-4F45-8859-641FAE27118F}.Debug|Any CPU.Build.0 = Debug|Any CPU
		{F6355AF0-CC22-4F45-8859-641FAE27118F}.Release|Any CPU.ActiveCfg = Release|Any CPU
		{F6355AF0-CC22-4F45-8859-641FAE27118F}.Release|Any CPU.Build.0 = Release|Any CPU
	EndGlobalSection
	GlobalSection(SolutionProperties) = preSolution
		HideSolutionNode = FALSE
	EndGlobalSection
	GlobalSection(ExtensibilityGlobals) = postSolution
		SolutionGuid = {3665B93C-4C0D-4DA5-9381-AE44FCD632D2}
	EndGlobalSection
EndGlobal
